
Microsoft Visual Studio Solution File, Format Version 12.00
# Visual Studio Version 17
VisualStudioVersion = 17.9.34607.119
MinimumVisualStudioVersion = 10.0.40219.1
Project("{FAE04EC0-301F-11D3-BF4B-00C04F79EFBC}") = "AdministradorTareasAPI", "AdministradorTareasAPI.csproj", "{0E303686-D057-492D-B3BA-DE6EFFC2AF90}"
EndProject
Project("{FAE04EC0-301F-11D3-BF4B-00C04F79EFBC}") = "AdministradorTareasData", "..\AdministradorTareasData\AdministradorTareasData.csproj", "{5BDB5A1C-F08C-4241-8FF0-C76836FE9BBA}"
EndProject
Global
	GlobalSection(SolutionConfigurationPlatforms) = preSolution
		Debug|Any CPU = Debug|Any CPU
		Release|Any CPU = Release|Any CPU
	EndGlobalSection
	GlobalSection(ProjectConfigurationPlatforms) = postSolution
		{0E303686-D057-492D-B3BA-DE6EFFC2AF90}.Debug|Any CPU.ActiveCfg = Debug|Any CPU
		{0E303686-D057-492D-B3BA-DE6EFFC2AF90}.Debug|Any CPU.Build.0 = Debug|Any CPU
		{0E303686-D057-492D-B3BA-DE6EFFC2AF90}.Release|Any CPU.ActiveCfg = Release|Any CPU
		{0E303686-D057-492D-B3BA-DE6EFFC2AF90}.Release|Any CPU.Build.0 = Release|Any CPU
		{5BDB5A1C-F08C-4241-8FF0-C76836FE9BBA}.Debug|Any CPU.ActiveCfg = Debug|Any CPU
		{5BDB5A1C-F08C-4241-8FF0-C76836FE9BBA}.Debug|Any CPU.Build.0 = Debug|Any CPU
		{5BDB5A1C-F08C-4241-8FF0-C76836FE9BBA}.Release|Any CPU.ActiveCfg = Release|Any CPU
		{5BDB5A1C-F08C-4241-8FF0-C76836FE9BBA}.Release|Any CPU.Build.0 = Release|Any CPU
	EndGlobalSection
	GlobalSection(SolutionProperties) = preSolution
		HideSolutionNode = FALSE
	EndGlobalSection
	GlobalSection(ExtensibilityGlobals) = postSolution
		SolutionGuid = {B24E8BD8-2913-484F-A5AA-AECFE600348E}
	EndGlobalSection
EndGlobal
